
Microsoft Visual Studio Solution File, Format Version 12.00
# Visual Studio Version 17
VisualStudioVersion = 17.7.34024.191
MinimumVisualStudioVersion = 10.0.40219.1
Project("{9A19103F-16F7-4668-BE54-9A1E7A4F7556}") = "FoodPenguin", "FoodPenguin.csproj", "{6EDA6C67-8B83-4974-B78C-78CC0C139599}"
EndProject
Global
	GlobalSection(SolutionConfigurationPlatforms) = preSolution
		Debug|Any CPU = Debug|Any CPU
		Release|Any CPU = Release|Any CPU
	EndGlobalSection
	GlobalSection(ProjectConfigurationPlatforms) = postSolution
		{6EDA6C67-8B83-4974-B78C-78CC0C139599}.Debug|Any CPU.ActiveCfg = Debug|Any CPU
		{6EDA6C67-8B83-4974-B78C-78CC0C139599}.Debug|Any CPU.Build.0 = Debug|Any CPU
		{6EDA6C67-8B83-4974-B78C-78CC0C139599}.Release|Any CPU.ActiveCfg = Release|Any CPU
		{6EDA6C67-8B83-4974-B78C-78CC0C139599}.Release|Any CPU.Build.0 = Release|Any CPU
	EndGlobalSection
	GlobalSection(SolutionProperties) = preSolution
		HideSolutionNode = FALSE
	EndGlobalSection
	GlobalSection(ExtensibilityGlobals) = postSolution
		SolutionGuid = {D505E4F4-FB19-4136-8CC3-A08E3076CEC5}
	EndGlobalSection
EndGlobal
